{
    "_meta": {
        "hash": {
            "sha256": "9985c1692489da793e156cfa6fe3630ae09c2e26ff76befe2036976d7c07b537"
        },
        "pipfile-spec": 6,
        "requires": {
            "python_version": "3.13"
        },
        "sources": [
            {
                "name": "pypi",
                "url": "https://pypi.org/simple",
                "verify_ssl": true
            }
        ]
    },
    "default": {
        "pyside6": {
            "hashes": [
                "sha256:1525d63dc6dc425b8c2dc5bc01a8cb1d67530401449f3a3490c09a14c095b9f9",
                "sha256:531a6e67c429b045674d57fe9864b711eb59e4cded753c2640982e368fd468d1",
                "sha256:c82dbb7d32bbdd465e01059174f71bddc97de152ab71bded3f1907c40f9a5f16",
                "sha256:db44ac08b8f7ac1b421bc1c6a44200d03f08d80dc7b3f68dfdb1684f30f41c17",
                "sha256:f843ef39970a2f79757810fffd7b8e93ac42a3de9ea62f2a03648cde57648aed"
            ],
            "index": "pypi",
            "markers": "python_version < '3.14' and python_version >= '3.9'",
            "version": "==6.9.1"
        },
        "pyside6-addons": {
            "hashes": [
                "sha256:4f589631bdceb518080ae9c9fa288e64f092cd5bebe25adc8ad89e8eadd4db29",
                "sha256:53fd08c8152b6ba8c435458afd189835ba905793a5077a2bb0b1b11222b375d4",
                "sha256:7be0708fa89715c282541fca47e2ba97c0c8d2886e0236ef994b2dd8f52aacdd",
                "sha256:cd93a3a5e3886cd958f3a5acc7c061c24f10a394ce9f4ce657ac394544ca7ec2",
                "sha256:da7869b02e3599d26546fad582db4656060786bc5ec8ece5ec9ee8aa8b42371c"
            ],
            "markers": "python_version < '3.14' and python_version >= '3.9'",
            "version": "==6.9.1"
        },
        "pyside6-essentials": {
            "hashes": [
                "sha256:35c2c2bb4a88db74d11e638cf917524ff35785883f10b439ead07960a5733aa4",
                "sha256:ad1ac94011492dba33051bc33db1c76a7d6f815a81c01422cb6220273b369145",
                "sha256:e46a2801c9c6098025515fd0af6c594b9e9c951842f68b8f6f3da9858b9b26c2",
                "sha256:e5da48883f006c6206ef85874db74ddebcdf69b0281bd4f1642b1c5ac1d54aea",
                "sha256:ed43435a70e018e1c22efcaf34a9430b83cfcad716dba661b03de21c13322fab"
            ],
            "markers": "python_version < '3.14' and python_version >= '3.9'",
            "version": "==6.9.1"
        },
        "shiboken6": {
            "hashes": [
                "sha256:209ccf02c135bd70321143dcbc5023ae0c056aa4850a845955dd2f9b2ff280a9",
                "sha256:2a39997ce275ced7853defc89d3a1f19a11c90991ac6eef3435a69bb0b7ff1de",
                "sha256:40e92afc88da06b5100c56b761e59837ff282166e9531268f3d910b6128e621e",
                "sha256:efcdfa8655d34aaf8d7a0c7724def3440bd46db02f5ad3b1785db5f6ccb0a8ff",
                "sha256:efcf75d48a29ae072d0bf54b3cd5a59ae91bb6b3ab7459e17c769355486c2e0b"
            ],
            "markers": "python_version < '3.14' and python_version >= '3.9'",
            "version": "==6.9.1"
        }
    },
    "develop": {
        "altgraph": {
            "hashes": [
                "sha256:1b5afbb98f6c4dcadb2e2ae6ab9fa994bbb8c1d75f4fa96d340f9437ae454406",
                "sha256:642743b4750de17e655e6711601b077bc6598dbfa3ba5fa2b2a35ce12b508dff"
            ],
            "version": "==0.17.4"
        },
        "autopep8": {
            "hashes": [
                "sha256:89440a4f969197b69a995e4ce0661b031f455a9f776d2c5ba3dbd83466931758",
                "sha256:ce8ad498672c845a0c3de2629c15b635ec2b05ef8177a6e7c91c74f3e9b51128"
            ],
            "index": "pypi",
            "markers": "python_version >= '3.9'",
            "version": "==2.3.2"
        },
        "flake8": {
            "hashes": [
                "sha256:b9696257b9ce8beb888cdbe31cf885c90d31928fe202be0889a7cdafad32f01e",
                "sha256:fe044858146b9fc69b551a4b490d69cf960fcb78ad1edcb84e7fbb1b4a8e3872"
            ],
            "index": "pypi",
            "markers": "python_version >= '3.9'",
            "version": "==7.3.0"
        },
        "mccabe": {
            "hashes": [
                "sha256:348e0240c33b60bbdf4e523192ef919f28cb2c3d7d5c7794f74009290f236325",
                "sha256:6c2d30ab6be0e4a46919781807b4f0d834ebdd6c6e3dca0bda5a15f863427b6e"
            ],
            "markers": "python_version >= '3.6'",
            "version": "==0.7.0"
        },
        "packaging": {
            "hashes": [
                "sha256:29572ef2b1f17581046b3a2227d5c611fb25ec70ca1ba8554b24b0e69331a484",
                "sha256:d443872c98d677bf60f6a1f2f8c1cb748e8fe762d2bf9d3148b5599295b0fc4f"
            ],
            "markers": "python_version >= '3.8'",
            "version": "==25.0"
        },
        "platformdirs": {
            "hashes": [
                "sha256:3d512d96e16bcb959a814c9f348431070822a6496326a4be0911c40b5a74c2bc",
                "sha256:ff7059bb7eb1179e2685604f4aaf157cfd9535242bd23742eadc3c13542139b4"
            ],
            "markers": "python_version >= '3.9'",
            "version": "==4.3.8"
        },
        "pycodestyle": {
            "hashes": [
                "sha256:c4b5b517d278089ff9d0abdec919cd97262a3367449ea1c8b49b91529167b783",
                "sha256:dd6bf7cb4ee77f8e016f9c8e74a35ddd9f67e1d5fd4184d86c3b98e07099f42d"
            ],
            "markers": "python_version >= '3.9'",
            "version": "==2.14.0"
        },
        "pyflakes": {
            "hashes": [
                "sha256:b24f96fafb7d2ab0ec5075b7350b3d2d2218eab42003821c06344973d3ea2f58",
                "sha256:f742a7dbd0d9cb9ea41e9a24a918996e8170c799fa528688d40dd582c8265f4f"
            ],
            "markers": "python_version >= '3.9'",
            "version": "==3.4.0"
        },
        "pyinstaller": {
            "hashes": [
                "sha256:03862c6b3cf7b16843d24b529f89cd4077cbe467883cd54ce7a81940d6da09d3",
                "sha256:077efb2d01d16d9c8fdda3ad52788f0fead2791c5cec9ed6ce058af7e26eb74b",
                "sha256:142cce0719e79315f0cc26400c2e5c45d9b6b17e7e0491fee444a9f8f16f4917",
                "sha256:1697601aa788e3a52f0b5e620b4741a34b82e6f222ec6e1318b3a1349f566bb2",
                "sha256:185710ab1503dfdfa14c43237d394d96ac183422d588294be42531480dfa6c38",
                "sha256:3fa0c391e1300a9fd7752eb1ffe2950112b88fba9d2743eee2ef218a15f4705f",
                "sha256:69fd11ca57e572387826afaa4a1b3d4cb74927d76f231f0308c0bd7872ca5ac1",
                "sha256:6c673a7e761bd4a2560cfd5dbe1ccdcfe2dff304b774e6e5242fc5afed953661",
                "sha256:78827a21ada2a848e98671852d20d74b2955b6e2aaf2359ed13a462e1a603d84",
                "sha256:d77d18bf5343a1afef2772393d7a489d4ec2282dee5bca549803fc0d74b78330",
                "sha256:e10e0e67288d6dcb5898a917dd1d4272aa0ff33f197ad49a0e39618009d63ed9",
                "sha256:fdd2bd020a18736806a6bd5d3c4352f1209b427a96ad6c459d88aec1d90c4f21"
            ],
            "index": "pypi",
            "markers": "python_version < '3.14' and python_version >= '3.8'",
            "version": "==6.14.2"
        },
        "pyinstaller-hooks-contrib": {
            "hashes": [
                "sha256:707386770b8fe066c04aad18a71bc483c7b25e18b4750a756999f7da2ab31982",
                "sha256:ebfae1ba341cb0002fb2770fad0edf2b3e913c2728d92df7ad562260988ca373"
            ],
            "markers": "python_version >= '3.8'",
            "version": "==2025.5"
        },
        "pytoolconfig": {
            "extras": [
                "global"
            ],
            "hashes": [
                "sha256:51e6bd1a6f108238ae6aab6a65e5eed5e75d456be1c2bf29b04e5c1e7d7adbae",
                "sha256:5d8cea8ae1996938ec3eaf44567bbc5ef1bc900742190c439a44a704d6e1b62b"
            ],
            "markers": "python_version >= '3.8'",
            "version": "==1.3.1"
        },
        "rope": {
            "hashes": [
                "sha256:00a7ea8c0c376fc0b053b2f2f8ef3bfb8b50fecf1ebf3eb80e4f8bd7f1941918",
                "sha256:8803e3b667315044f6270b0c69a10c0679f9f322ed8efe6245a93ceb7658da69"
            ],
            "index": "pypi",
            "markers": "python_version >= '3.8'",
            "version": "==1.14.0"
        },
        "setuptools": {
            "hashes": [
                "sha256:062d34222ad13e0cc312a4c02d73f059e86a4acbfbdea8f8f76b28c99f306922",
                "sha256:f36b47402ecde768dbfafc46e8e4207b4360c654f1f3bb84475f0a28628fb19c"
            ],
            "markers": "python_version >= '3.9'",
            "version": "==80.9.0"
        }
    }
}
